
Microsoft Visual Studio Solution File, Format Version 12.00
# Visual Studio 2012
Project("{FAE04EC0-301F-11D3-BF4B-00C04F79EFBC}") = "TowerDefense", "TowerDefense\TowerDefense.csproj", "{9328CBA6-9AB2-476C-928D-2255D631831E}"
EndProject
Global
	GlobalSection(SolutionConfigurationPlatforms) = preSolution
		Debug|x86 = Debug|x86
		Release|x86 = Release|x86
	EndGlobalSection
	GlobalSection(ProjectConfigurationPlatforms) = postSolution
		{9328CBA6-9AB2-476C-928D-2255D631831E}.Debug|x86.ActiveCfg = Debug|x86
		{9328CBA6-9AB2-476C-928D-2255D631831E}.Debug|x86.Build.0 = Debug|x86
		{9328CBA6-9AB2-476C-928D-2255D631831E}.Release|x86.ActiveCfg = Release|x86
		{9328CBA6-9AB2-476C-928D-2255D631831E}.Release|x86.Build.0 = Release|x86
	EndGlobalSection
	GlobalSection(SolutionProperties) = preSolution
		HideSolutionNode = FALSE
	EndGlobalSection
	GlobalSection(Performance) = preSolution
		HasPerformanceSessions = true
	EndGlobalSection
EndGlobal
